// !$*UTF8*$!
{
	archiveVersion = 1;
	classes = {
	};
	objectVersion = 46;
	objects = {

/* Begin PBXBuildFile section */
		81747C0C1BFC85B900DC5794 /* AppDelegate.swift in Sources */ = {isa = PBXBuildFile; fileRef = 81747C0B1BFC85B900DC5794 /* AppDelegate.swift */; };
		81747C0E1BFC85B900DC5794 /* ViewController.swift in Sources */ = {isa = PBXBuildFile; fileRef = 81747C0D1BFC85B900DC5794 /* ViewController.swift */; };
		81747C111BFC85B900DC5794 /* Main.storyboard in Resources */ = {isa = PBXBuildFile; fileRef = 81747C0F1BFC85B900DC5794 /* Main.storyboard */; };
		81747C131BFC85B900DC5794 /* Images.xcassets in Resources */ = {isa = PBXBuildFile; fileRef = 81747C121BFC85B900DC5794 /* Images.xcassets */; };
		81747C161BFC85B900DC5794 /* LaunchScreen.xib in Resources */ = {isa = PBXBuildFile; fileRef = 81747C141BFC85B900DC5794 /* LaunchScreen.xib */; };
		81747C221BFC85B900DC5794 /* LoopsTests.swift in Sources */ = {isa = PBXBuildFile; fileRef = 81747C211BFC85B900DC5794 /* LoopsTests.swift */; };
/* End PBXBuildFile section */

/* Begin PBXContainerItemProxy section */
		81747C1C1BFC85B900DC5794 /* PBXContainerItemProxy */ = {
			isa = PBXContainerItemProxy;
			containerPortal = 81747BFE1BFC85B900DC5794 /* Project object */;
			proxyType = 1;
			remoteGlobalIDString = 81747C051BFC85B900DC5794;
			remoteInfo = Loops;
		};
/* End PBXContainerItemProxy section */

/* Begin PBXFileReference section */
		81747C061BFC85B900DC5794 /* Loops.app */ = {isa = PBXFileReference; explicitFileType = wrapper.application; includeInIndex = 0; path = Loops.app; sourceTree = BUILT_PRODUCTS_DIR; };
		81747C0A1BFC85B900DC5794 /* Info.plist */ = {isa = PBXFileReference; lastKnownFileType = text.plist.xml; path = Info.plist; sourceTree = "<group>"; };
		81747C0B1BFC85B900DC5794 /* AppDelegate.swift */ = {isa = PBXFileReference; lastKnownFileType = sourcecode.swift; path = AppDelegate.swift; sourceTree = "<group>"; };
		81747C0D1BFC85B900DC5794 /* ViewController.swift */ = {isa = PBXFileReference; lastKnownFileType = sourcecode.swift; path = ViewController.swift; sourceTree = "<group>"; };
		81747C101BFC85B900DC5794 /* Base */ = {isa = PBXFileReference; lastKnownFileType = file.storyboard; name = Base; path = Base.lproj/Main.storyboard; sourceTree = "<group>"; };
		81747C121BFC85B900DC5794 /* Images.xcassets */ = {isa = PBXFileReference; lastKnownFileType = folder.assetcatalog; path = Images.xcassets; sourceTree = "<group>"; };
		81747C151BFC85B900DC5794 /* Base */ = {isa = PBXFileReference; lastKnownFileType = file.xib; name = Base; path = Base.lproj/LaunchScreen.xib; sourceTree = "<group>"; };
		81747C1B1BFC85B900DC5794 /* LoopsTests.xctest */ = {isa = PBXFileReference; explicitFileType = wrapper.cfbundle; includeInIndex = 0; path = LoopsTests.xctest; sourceTree = BUILT_PRODUCTS_DIR; };
		81747C201BFC85B900DC5794 /* Info.plist */ = {isa = PBXFileReference; lastKnownFileType = text.plist.xml; path = Info.plist; sourceTree = "<group>"; };
		81747C211BFC85B900DC5794 /* LoopsTests.swift */ = {isa = PBXFileReference; lastKnownFileType = sourcecode.swift; path = LoopsTests.swift; sourceTree = "<group>"; };
/* End PBXFileReference section */

/* Begin PBXFrameworksBuildPhase section */
		81747C031BFC85B900DC5794 /* Frameworks */ = {
			isa = PBXFrameworksBuildPhase;
			buildActionMask = 2147483647;
			files = (
			);
			runOnlyForDeploymentPostprocessing = 0;
		};
		81747C181BFC85B900DC5794 /* Frameworks */ = {
			isa = PBXFrameworksBuildPhase;
			buildActionMask = 2147483647;
			files = (
			);
			runOnlyForDeploymentPostprocessing = 0;
		};
/* End PBXFrameworksBuildPhase section */

/* Begin PBXGroup section */
		81747BFD1BFC85B900DC5794 = {
			isa = PBXGroup;
			children = (
				81747C081BFC85B900DC5794 /* Loops */,
				81747C1E1BFC85B900DC5794 /* LoopsTests */,
				81747C071BFC85B900DC5794 /* Products */,
			);
			sourceTree = "<group>";
		};
		81747C071BFC85B900DC5794 /* Products */ = {
			isa = PBXGroup;
			children = (
				81747C061BFC85B900DC5794 /* Loops.app */,
				81747C1B1BFC85B900DC5794 /* LoopsTests.xctest */,
			);
			name = Products;
			sourceTree = "<group>";
		};
		81747C081BFC85B900DC5794 /* Loops */ = {
			isa = PBXGroup;
			children = (
				81747C0B1BFC85B900DC5794 /* AppDelegate.swift */,
				81747C0D1BFC85B900DC5794 /* ViewController.swift */,
				81747C0F1BFC85B900DC5794 /* Main.storyboard */,
				81747C121BFC85B900DC5794 /* Images.xcassets */,
				81747C141BFC85B900DC5794 /* LaunchScreen.xib */,
				81747C091BFC85B900DC5794 /* Supporting Files */,
			);
			path = Loops;
			sourceTree = "<group>";
		};
		81747C091BFC85B900DC5794 /* Supporting Files */ = {
			isa = PBXGroup;
			children = (
				81747C0A1BFC85B900DC5794 /* Info.plist */,
			);
			name = "Supporting Files";
			sourceTree = "<group>";
		};
		81747C1E1BFC85B900DC5794 /* LoopsTests */ = {
			isa = PBXGroup;
			children = (
				81747C211BFC85B900DC5794 /* LoopsTests.swift */,
				81747C1F1BFC85B900DC5794 /* Supporting Files */,
			);
			path = LoopsTests;
			sourceTree = "<group>";
		};
		81747C1F1BFC85B900DC5794 /* Supporting Files */ = {
			isa = PBXGroup;
			children = (
				81747C201BFC85B900DC5794 /* Info.plist */,
			);
			name = "Supporting Files";
			sourceTree = "<group>";
		};
/* End PBXGroup section */

/* Begin PBXNativeTarget section */
		81747C051BFC85B900DC5794 /* Loops */ = {
			isa = PBXNativeTarget;
			buildConfigurationList = 81747C251BFC85B900DC5794 /* Build configuration list for PBXNativeTarget "Loops" */;
			buildPhases = (
				81747C021BFC85B900DC5794 /* Sources */,
				81747C031BFC85B900DC5794 /* Frameworks */,
				81747C041BFC85B900DC5794 /* Resources */,
			);
			buildRules = (
			);
			dependencies = (
			);
			name = Loops;
			productName = Loops;
			productReference = 81747C061BFC85B900DC5794 /* Loops.app */;
			productType = "com.apple.product-type.application";
		};
		81747C1A1BFC85B900DC5794 /* LoopsTests */ = {
			isa = PBXNativeTarget;
			buildConfigurationList = 81747C281BFC85B900DC5794 /* Build configuration list for PBXNativeTarget "LoopsTests" */;
			buildPhases = (
				81747C171BFC85B900DC5794 /* Sources */,
				81747C181BFC85B900DC5794 /* Frameworks */,
				81747C191BFC85B900DC5794 /* Resources */,
			);
			buildRules = (
			);
			dependencies = (
				81747C1D1BFC85B900DC5794 /* PBXTargetDependency */,
			);
			name = LoopsTests;
			productName = LoopsTests;
			productReference = 81747C1B1BFC85B900DC5794 /* LoopsTests.xctest */;
			productType = "com.apple.product-type.bundle.unit-test";
		};
/* End PBXNativeTarget section */

/* Begin PBXProject section */
		81747BFE1BFC85B900DC5794 /* Project object */ = {
			isa = PBXProject;
			attributes = {
				LastUpgradeCheck = 0630;
				ORGANIZATIONNAME = Kappa;
				TargetAttributes = {
					81747C051BFC85B900DC5794 = {
						CreatedOnToolsVersion = 6.3.1;
					};
					81747C1A1BFC85B900DC5794 = {
						CreatedOnToolsVersion = 6.3.1;
						TestTargetID = 81747C051BFC85B900DC5794;
					};
				};
			};
			buildConfigurationList = 81747C011BFC85B900DC5794 /* Build configuration list for PBXProject "Loops" */;
			compatibilityVersion = "Xcode 3.2";
			developmentRegion = English;
			hasScannedForEncodings = 0;
			knownRegions = (
				en,
				Base,
			);
			mainGroup = 81747BFD1BFC85B900DC5794;
			productRefGroup = 81747C071BFC85B900DC5794 /* Products */;
			projectDirPath = "";
			projectRoot = "";
			targets = (
				81747C051BFC85B900DC5794 /* Loops */,
				81747C1A1BFC85B900DC5794 /* LoopsTests */,
			);
		};
/* End PBXProject section */

/* Begin PBXResourcesBuildPhase section */
		81747C041BFC85B900DC5794 /* Resources */ = {
			isa = PBXResourcesBuildPhase;
			buildActionMask = 2147483647;
			files = (
				81747C111BFC85B900DC5794 /* Main.storyboard in Resources */,
				81747C161BFC85B900DC5794 /* LaunchScreen.xib in Resources */,
				81747C131BFC85B900DC5794 /* Images.xcassets in Resources */,
			);
			runOnlyForDeploymentPostprocessing = 0;
		};
		81747C191BFC85B900DC5794 /* Resources */ = {
			isa = PBXResourcesBuildPhase;
			buildActionMask = 2147483647;
			files = (
			);
			runOnlyForDeploymentPostprocessing = 0;
		};
/* End PBXResourcesBuildPhase section */

/* Begin PBXSourcesBuildPhase section */
		81747C021BFC85B900DC5794 /* Sources */ = {
			isa = PBXSourcesBuildPhase;
			buildActionMask = 2147483647;
			files = (
				81747C0E1BFC85B900DC5794 /* ViewController.swift in Sources */,
				81747C0C1BFC85B900DC5794 /* AppDelegate.swift in Sources */,
			);
			runOnlyForDeploymentPostprocessing = 0;
		};
		81747C171BFC85B900DC5794 /* Sources */ = {
			isa = PBXSourcesBuildPhase;
			buildActionMask = 2147483647;
			files = (
				81747C221BFC85B900DC5794 /* LoopsTests.swift in Sources */,
			);
			runOnlyForDeploymentPostprocessing = 0;
		};
/* End PBXSourcesBuildPhase section */

/* Begin PBXTargetDependency section */
		81747C1D1BFC85B900DC5794 /* PBXTargetDependency */ = {
			isa = PBXTargetDependency;
			target = 81747C051BFC85B900DC5794 /* Loops */;
			targetProxy = 81747C1C1BFC85B900DC5794 /* PBXContainerItemProxy */;
		};
/* End PBXTargetDependency section */

/* Begin PBXVariantGroup section */
		81747C0F1BFC85B900DC5794 /* Main.storyboard */ = {
			isa = PBXVariantGroup;
			children = (
				81747C101BFC85B900DC5794 /* Base */,
			);
			name = Main.storyboard;
			sourceTree = "<group>";
		};
		81747C141BFC85B900DC5794 /* LaunchScreen.xib */ = {
			isa = PBXVariantGroup;
			children = (
				81747C151BFC85B900DC5794 /* Base */,
			);
			name = LaunchScreen.xib;
			sourceTree = "<group>";
		};
/* End PBXVariantGroup section */

/* Begin XCBuildConfiguration section */
		81747C231BFC85B900DC5794 /* Debug */ = {
			isa = XCBuildConfiguration;
			buildSettings = {
				ALWAYS_SEARCH_USER_PATHS = NO;
				CLANG_CXX_LANGUAGE_STANDARD = "gnu++0x";
				CLANG_CXX_LIBRARY = "libc++";
				CLANG_ENABLE_MODULES = YES;
				CLANG_ENABLE_OBJC_ARC = YES;
				CLANG_WARN_BOOL_CONVERSION = YES;
				CLANG_WARN_CONSTANT_CONVERSION = YES;
				CLANG_WARN_DIRECT_OBJC_ISA_USAGE = YES_ERROR;
				CLANG_WARN_EMPTY_BODY = YES;
				CLANG_WARN_ENUM_CONVERSION = YES;
				CLANG_WARN_INT_CONVERSION = YES;
				CLANG_WARN_OBJC_ROOT_CLASS = YES_ERROR;
				CLANG_WARN_UNREACHABLE_CODE = YES;
				CLANG_WARN__DUPLICATE_METHOD_MATCH = YES;
				"CODE_SIGN_IDENTITY[sdk=iphoneos*]" = "iPhone Developer";
				COPY_PHASE_STRIP = NO;
				DEBUG_INFORMATION_FORMAT = "dwarf-with-dsym";
				ENABLE_STRICT_OBJC_MSGSEND = YES;
				GCC_C_LANGUAGE_STANDARD = gnu99;
				GCC_DYNAMIC_NO_PIC = NO;
				GCC_NO_COMMON_BLOCKS = YES;
				GCC_OPTIMIZATION_LEVEL = 0;
				GCC_PREPROCESSOR_DEFINITIONS = (
					"DEBUG=1",
					"$(inherited)",
				);
				GCC_SYMBOLS_PRIVATE_EXTERN = NO;
				GCC_WARN_64_TO_32_BIT_CONVERSION = YES;
				GCC_WARN_ABOUT_RETURN_TYPE = YES_ERROR;
				GCC_WARN_UNDECLARED_SELECTOR = YES;
				GCC_WARN_UNINITIALIZED_AUTOS = YES_AGGRESSIVE;
				GCC_WARN_UNUSED_FUNCTION = YES;
				GCC_WARN_UNUSED_VARIABLE = YES;
				IPHONEOS_DEPLOYMENT_TARGET = 8.3;
				MTL_ENABLE_DEBUG_INFO = YES;
				ONLY_ACTIVE_ARCH = YES;
				SDKROOT = iphoneos;
				SWIFT_OPTIMIZATION_LEVEL = "-Onone";
			};
			name = Debug;
		};
		81747C241BFC85B900DC5794 /* Release */ = {
			isa = XCBuildConfiguration;
			buildSettings = {
				ALWAYS_SEARCH_USER_PATHS = NO;
				CLANG_CXX_LANGUAGE_STANDARD = "gnu++0x";
				CLANG_CXX_LIBRARY = "libc++";
				CLANG_ENABLE_MODULES = YES;
				CLANG_ENABLE_OBJC_ARC = YES;
				CLANG_WARN_BOOL_CONVERSION = YES;
				CLANG_WARN_CONSTANT_CONVERSION = YES;
				CLANG_WARN_DIRECT_OBJC_ISA_USAGE = YES_ERROR;
				CLANG_WARN_EMPTY_BODY = YES;
				CLANG_WARN_ENUM_CONVERSION = YES;
				CLANG_WARN_INT_CONVERSION = YES;
				CLANG_WARN_OBJC_ROOT_CLASS = YES_ERROR;
				CLANG_WARN_UNREACHABLE_CODE = YES;
				CLANG_WARN__DUPLICATE_METHOD_MATCH = YES;
				"CODE_SIGN_IDENTITY[sdk=iphoneos*]" = "iPhone Developer";
				COPY_PHASE_STRIP = NO;
				DEBUG_INFORMATION_FORMAT = "dwarf-with-dsym";
				ENABLE_NS_ASSERTIONS = NO;
				ENABLE_STRICT_OBJC_MSGSEND = YES;
				GCC_C_LANGUAGE_STANDARD = gnu99;
				GCC_NO_COMMON_BLOCKS = YES;
				GCC_WARN_64_TO_32_BIT_CONVERSION = YES;
				GCC_WARN_ABOUT_RETURN_TYPE = YES_ERROR;
				GCC_WARN_UNDECLARED_SELECTOR = YES;
				GCC_WARN_UNINITIALIZED_AUTOS = YES_AGGRESSIVE;
				GCC_WARN_UNUSED_FUNCTION = YES;
				GCC_WARN_UNUSED_VARIABLE = YES;
				IPHONEOS_DEPLOYMENT_TARGET = 8.3;
				MTL_ENABLE_DEBUG_INFO = NO;
				SDKROOT = iphoneos;
				VALIDATE_PRODUCT = YES;
			};
			name = Release;
		};
		81747C261BFC85B900DC5794 /* Debug */ = {
			isa = XCBuildConfiguration;
			buildSettings = {
				ASSETCATALOG_COMPILER_APPICON_NAME = AppIcon;
				INFOPLIST_FILE = Loops/Info.plist;
				LD_RUNPATH_SEARCH_PATHS = "$(inherited) @executable_path/Frameworks";
				PRODUCT_NAME = "$(TARGET_NAME)";
			};
			name = Debug;
		};
		81747C271BFC85B900DC5794 /* Release */ = {
			isa = XCBuildConfiguration;
			buildSettings = {
				ASSETCATALOG_COMPILER_APPICON_NAME = AppIcon;
				INFOPLIST_FILE = Loops/Info.plist;
				LD_RUNPATH_SEARCH_PATHS = "$(inherited) @executable_path/Frameworks";
				PRODUCT_NAME = "$(TARGET_NAME)";
			};
			name = Release;
		};
		81747C291BFC85B900DC5794 /* Debug */ = {
			isa = XCBuildConfiguration;
			buildSettings = {
				BUNDLE_LOADER = "$(TEST_HOST)";
				FRAMEWORK_SEARCH_PATHS = (
					"$(SDKROOT)/Developer/Library/Frameworks",
					"$(inherited)",
				);
				GCC_PREPROCESSOR_DEFINITIONS = (
					"DEBUG=1",
					"$(inherited)",
				);
				INFOPLIST_FILE = LoopsTests/Info.plist;
				LD_RUNPATH_SEARCH_PATHS = "$(inherited) @executable_path/Frameworks @loader_path/Frameworks";
				PRODUCT_NAME = "$(TARGET_NAME)";
				TEST_HOST = "$(BUILT_PRODUCTS_DIR)/Loops.app/Loops";
			};
			name = Debug;
		};
		81747C2A1BFC85B900DC5794 /* Release */ = {
			isa = XCBuildConfiguration;
			buildSettings = {
				BUNDLE_LOADER = "$(TEST_HOST)";
				FRAMEWORK_SEARCH_PATHS = (
					"$(SDKROOT)/Developer/Library/Frameworks",
					"$(inherited)",
				);
				INFOPLIST_FILE = LoopsTests/Info.plist;
				LD_RUNPATH_SEARCH_PATHS = "$(inherited) @executable_path/Frameworks @loader_path/Frameworks";
				PRODUCT_NAME = "$(TARGET_NAME)";
				TEST_HOST = "$(BUILT_PRODUCTS_DIR)/Loops.app/Loops";
			};
			name = Release;
		};
/* End XCBuildConfiguration section */

/* Begin XCConfigurationList section */
		81747C011BFC85B900DC5794 /* Build configuration list for PBXProject "Loops" */ = {
			isa = XCConfigurationList;
			buildConfigurations = (
				81747C231BFC85B900DC5794 /* Debug */,
				81747C241BFC85B900DC5794 /* Release */,
			);
			defaultConfigurationIsVisible = 0;
			defaultConfigurationName = Release;
		};
		81747C251BFC85B900DC5794 /* Build configuration list for PBXNativeTarget "Loops" */ = {
			isa = XCConfigurationList;
			buildConfigurations = (
				81747C261BFC85B900DC5794 /* Debug */,
				81747C271BFC85B900DC5794 /* Release */,
			);
			defaultConfigurationIsVisible = 0;
		};
		81747C281BFC85B900DC5794 /* Build configuration list for PBXNativeTarget "LoopsTests" */ = {
			isa = XCConfigurationList;
			buildConfigurations = (
				81747C291BFC85B900DC5794 /* Debug */,
				81747C2A1BFC85B900DC5794 /* Release */,
			);
			defaultConfigurationIsVisible = 0;
		};
/* End XCConfigurationList section */
	};
	rootObject = 81747BFE1BFC85B900DC5794 /* Project object */;
}
